
Microsoft Visual Studio Solution File, Format Version 12.00
# Visual Studio Version 16
VisualStudioVersion = 16.0.30011.22
MinimumVisualStudioVersion = 10.0.40219.1
Project("{9A19103F-16F7-4668-BE54-9A1E7A4F7556}") = "KampingIntro", "KampingIntro\KampingIntro.csproj", "{FF649978-E3F6-4FA8-9B4E-69DDC0F13453}"
EndProject
Project("{9A19103F-16F7-4668-BE54-9A1E7A4F7556}") = "Donguler", "Donguler\Donguler.csproj", "{3A99BFC1-F9F8-4539-87F2-8BB267C0D885}"
EndProject
Project("{9A19103F-16F7-4668-BE54-9A1E7A4F7556}") = "ClassIntro", "ClassIntro\ClassIntro.csproj", "{CB46E351-C254-42FA-9DAF-562D64179BC1}"
EndProject
Project("{9A19103F-16F7-4668-BE54-9A1E7A4F7556}") = "Metotlar", "Metotlar\Metotlar.csproj", "{1053C83D-A291-4712-9E3F-667297DB2BAA}"
EndProject
Project("{9A19103F-16F7-4668-BE54-9A1E7A4F7556}") = "Matematik", "Matematik\Matematik.csproj", "{AF308E5E-A093-4E66-A18C-935C196B0C83}"
EndProject
Project("{9A19103F-16F7-4668-BE54-9A1E7A4F7556}") = "DegerVeReferansTipler", "DegerVeReferansTipler\DegerVeReferansTipler.csproj", "{63DA07FE-789C-4C30-A660-E95346354995}"
EndProject
Project("{9A19103F-16F7-4668-BE54-9A1E7A4F7556}") = "OOP1", "OOP1\OOP1.csproj", "{6A2E7645-2586-4E82-BF82-9AA6494AF0C1}"
EndProject
Project("{9A19103F-16F7-4668-BE54-9A1E7A4F7556}") = "Koleksiyonlar", "Koleksiyonlar\Koleksiyonlar.csproj", "{A45462E6-69E4-44EA-9642-DA8477C2ED72}"
EndProject
Project("{9A19103F-16F7-4668-BE54-9A1E7A4F7556}") = "GenericsIntro", "GenericsIntro\GenericsIntro.csproj", "{9AD7571A-111B-4FFD-AA5C-C99635FD4DB3}"
EndProject
Global
	GlobalSection(SolutionConfigurationPlatforms) = preSolution
		Debug|Any CPU = Debug|Any CPU
		Release|Any CPU = Release|Any CPU
	EndGlobalSection
	GlobalSection(ProjectConfigurationPlatforms) = postSolution
		{FF649978-E3F6-4FA8-9B4E-69DDC0F13453}.Debug|Any CPU.ActiveCfg = Debug|Any CPU
		{FF649978-E3F6-4FA8-9B4E-69DDC0F13453}.Debug|Any CPU.Build.0 = Debug|Any CPU
		{FF649978-E3F6-4FA8-9B4E-69DDC0F13453}.Release|Any CPU.ActiveCfg = Release|Any CPU
		{FF649978-E3F6-4FA8-9B4E-69DDC0F13453}.Release|Any CPU.Build.0 = Release|Any CPU
		{3A99BFC1-F9F8-4539-87F2-8BB267C0D885}.Debug|Any CPU.ActiveCfg = Debug|Any CPU
		{3A99BFC1-F9F8-4539-87F2-8BB267C0D885}.Debug|Any CPU.Build.0 = Debug|Any CPU
		{3A99BFC1-F9F8-4539-87F2-8BB267C0D885}.Release|Any CPU.ActiveCfg = Release|Any CPU
		{3A99BFC1-F9F8-4539-87F2-8BB267C0D885}.Release|Any CPU.Build.0 = Release|Any CPU
		{CB46E351-C254-42FA-9DAF-562D64179BC1}.Debug|Any CPU.ActiveCfg = Debug|Any CPU
		{CB46E351-C254-42FA-9DAF-562D64179BC1}.Debug|Any CPU.Build.0 = Debug|Any CPU
		{CB46E351-C254-42FA-9DAF-562D64179BC1}.Release|Any CPU.ActiveCfg = Release|Any CPU
		{CB46E351-C254-42FA-9DAF-562D64179BC1}.Release|Any CPU.Build.0 = Release|Any CPU
		{1053C83D-A291-4712-9E3F-667297DB2BAA}.Debug|Any CPU.ActiveCfg = Debug|Any CPU
		{1053C83D-A291-4712-9E3F-667297DB2BAA}.Debug|Any CPU.Build.0 = Debug|Any CPU
		{1053C83D-A291-4712-9E3F-667297DB2BAA}.Release|Any CPU.ActiveCfg = Release|Any CPU
		{1053C83D-A291-4712-9E3F-667297DB2BAA}.Release|Any CPU.Build.0 = Release|Any CPU
		{AF308E5E-A093-4E66-A18C-935C196B0C83}.Debug|Any CPU.ActiveCfg = Debug|Any CPU
		{AF308E5E-A093-4E66-A18C-935C196B0C83}.Debug|Any CPU.Build.0 = Debug|Any CPU
		{AF308E5E-A093-4E66-A18C-935C196B0C83}.Release|Any CPU.ActiveCfg = Release|Any CPU
		{AF308E5E-A093-4E66-A18C-935C196B0C83}.Release|Any CPU.Build.0 = Release|Any CPU
		{63DA07FE-789C-4C30-A660-E95346354995}.Debug|Any CPU.ActiveCfg = Debug|Any CPU
		{63DA07FE-789C-4C30-A660-E95346354995}.Debug|Any CPU.Build.0 = Debug|Any CPU
		{63DA07FE-789C-4C30-A660-E95346354995}.Release|Any CPU.ActiveCfg = Release|Any CPU
		{63DA07FE-789C-4C30-A660-E95346354995}.Release|Any CPU.Build.0 = Release|Any CPU
		{6A2E7645-2586-4E82-BF82-9AA6494AF0C1}.Debug|Any CPU.ActiveCfg = Debug|Any CPU
		{6A2E7645-2586-4E82-BF82-9AA6494AF0C1}.Debug|Any CPU.Build.0 = Debug|Any CPU
		{6A2E7645-2586-4E82-BF82-9AA6494AF0C1}.Release|Any CPU.ActiveCfg = Release|Any CPU
		{6A2E7645-2586-4E82-BF82-9AA6494AF0C1}.Release|Any CPU.Build.0 = Release|Any CPU
		{A45462E6-69E4-44EA-9642-DA8477C2ED72}.Debug|Any CPU.ActiveCfg = Debug|Any CPU
		{A45462E6-69E4-44EA-9642-DA8477C2ED72}.Debug|Any CPU.Build.0 = Debug|Any CPU
		{A45462E6-69E4-44EA-9642-DA8477C2ED72}.Release|Any CPU.ActiveCfg = Release|Any CPU
		{A45462E6-69E4-44EA-9642-DA8477C2ED72}.Release|Any CPU.Build.0 = Release|Any CPU
		{9AD7571A-111B-4FFD-AA5C-C99635FD4DB3}.Debug|Any CPU.ActiveCfg = Debug|Any CPU
		{9AD7571A-111B-4FFD-AA5C-C99635FD4DB3}.Debug|Any CPU.Build.0 = Debug|Any CPU
		{9AD7571A-111B-4FFD-AA5C-C99635FD4DB3}.Release|Any CPU.ActiveCfg = Release|Any CPU
		{9AD7571A-111B-4FFD-AA5C-C99635FD4DB3}.Release|Any CPU.Build.0 = Release|Any CPU
	EndGlobalSection
	GlobalSection(SolutionProperties) = preSolution
		HideSolutionNode = FALSE
	EndGlobalSection
	GlobalSection(ExtensibilityGlobals) = postSolution
		SolutionGuid = {7CF9C503-ABD7-4A7E-B924-7B640B6699ED}
	EndGlobalSection
EndGlobal
